{
  "renv": {
    "Version": "0.6.0-98"
  },
  "R": {
    "Version": "3.6.1",
    "Repositories": [
      {
        "Name": "CRAN",
        "URL": "https://cloud.r-project.org"
      }
    ]
  },
  "Packages": {
    "askpass": {
      "Package": "askpass",
      "Version": "1.1",
      "Source": "CRAN",
      "Hash": "46678e19f261db289be40292d8e5d5bf"
    },
    "assertthat": {
      "Package": "assertthat",
      "Version": "0.2.1",
      "Source": "CRAN",
      "Hash": "19fb3d0ad048b4eb1a05cacffbae1f66"
    },
    "backports": {
      "Package": "backports",
      "Version": "1.1.4",
      "Source": "CRAN",
      "Hash": "2a78bf0825e0088e117520553ceb7fa5"
    },
    "base64enc": {
      "Package": "base64enc",
      "Version": "0.1-3",
      "Source": "CRAN",
      "Hash": "d355963b4b1c3039bfe8d65611a11cca"
    },
    "BH": {
      "Package": "BH",
      "Version": "1.69.0-1",
      "Source": "CRAN",
      "Hash": "0fde015f5153e51df44981da0767f522"
    },
    "callr": {
      "Package": "callr",
      "Version": "3.3.1",
      "Source": "CRAN",
      "Hash": "b9788f81c78e3187d199c4057872fe06"
    },
    "cli": {
      "Package": "cli",
      "Version": "1.1.0",
      "Source": "CRAN",
      "Hash": "9b3dc7798f53ba3050b41ce4a3febdc5"
    },
    "crayon": {
      "Package": "crayon",
      "Version": "1.3.4",
      "Source": "CRAN",
      "Hash": "d308ead32010b8e4d76c4690427da50b"
    },
    "curl": {
      "Package": "curl",
      "Version": "4.0",
      "Source": "CRAN",
      "Hash": "7dc1d02a04a75510424d2c7404fadfa7"
    },
    "debugme": {
      "Package": "debugme",
      "Version": "1.1.0",
      "Source": "CRAN",
      "Hash": "adea35c0dca58b542be5d8270a670e64"
    },
    "digest": {
      "Package": "digest",
      "Version": "0.6.20",
      "Source": "CRAN",
      "Hash": "e90f6670040b5aec92425051fc13ac1c"
    },
    "dplyr": {
      "Package": "dplyr",
      "Version": "0.8.3",
      "Source": "CRAN",
      "Hash": "17783831e1e918ab250dcae5dd9c6e03"
    },
    "ellipsis": {
      "Package": "ellipsis",
      "Version": "0.2.0.1",
      "Source": "CRAN",
      "Hash": "a7a9b2ae023bf012744c480d3388c0c8"
    },
    "evaluate": {
      "Package": "evaluate",
      "Version": "0.14",
      "Source": "CRAN",
      "Hash": "5a6c1949963e0785dbcbb0556337d61e"
    },
    "fansi": {
      "Package": "fansi",
      "Version": "0.4.0",
      "Source": "CRAN",
      "Hash": "cd87b0162287f0da225edfaa2fd3a20c"
    },
    "glue": {
      "Package": "glue",
      "Version": "1.3.1",
      "Source": "CRAN",
      "Hash": "e8436e647719b7c9d01409767cd88cc8"
    },
    "highr": {
      "Package": "highr",
      "Version": "0.8",
      "Source": "CRAN",
      "Hash": "43e36bc8bca1d8256f86933659c46349"
    },
    "htmltools": {
      "Package": "htmltools",
      "Version": "0.3.6",
      "Source": "CRAN",
      "Hash": "5132526e7fb28a2c20d1ef443d5c4644"
    },
    "htmlwidgets": {
      "Package": "htmlwidgets",
      "Version": "1.3",
      "Source": "CRAN",
      "Hash": "8aa0ed21f14fc9645367e8bc305415f5"
    },
    "httpuv": {
      "Package": "httpuv",
      "Version": "1.5.1",
      "Source": "CRAN",
      "Hash": "3e4206eb62d89401a2a990eba9b3ecac"
    },
    "httr": {
      "Package": "httr",
      "Version": "1.4.0",
      "Source": "CRAN",
      "Hash": "4a241c31afac61ea4a8a672aa5b0b098"
    },
    "jsonlite": {
      "Package": "jsonlite",
      "Version": "1.6",
      "Source": "CRAN",
      "Hash": "b7e67b6a7bc2fdae729c0f3ff9026a8a"
    },
    "knitr": {
      "Package": "knitr",
      "Version": "1.23",
      "Source": "CRAN",
      "Hash": "39893fe4cbbdca3fce7d9dbdef808cd1"
    },
    "later": {
      "Package": "later",
      "Version": "0.8.0",
      "Source": "CRAN",
      "Hash": "4d5b806a328e0da75f0f0d4653676552"
    },
    "magrittr": {
      "Package": "magrittr",
      "Version": "1.5",
      "Source": "CRAN",
      "Hash": "dee1d97cffddfd3ed969e224bd0826d0"
    },
    "markdown": {
      "Package": "markdown",
      "Version": "1.0",
      "Source": "CRAN",
      "Hash": "4584a57f565dd7987d59dda3a02cfb41"
    },
    "mime": {
      "Package": "mime",
      "Version": "0.7",
      "Source": "CRAN",
      "Hash": "908d95ccbfd1dd274073ef07a7c93934"
    },
    "openssl": {
      "Package": "openssl",
      "Version": "1.4.1",
      "Source": "CRAN",
      "Hash": "6c438de366d5693238d1c400deb66cb6"
    },
    "packrat": {
      "Package": "packrat",
      "Version": "0.5.0",
      "Source": "CRAN",
      "RemoteType": "standard",
      "RemoteRef": "packrat",
      "RemoteRepos": "https://cloud.r-project.org",
      "RemoteSha": "0.5.0",
      "Hash": "aa1fbebb6ca276f933b9f77da6d02ef3"
    },
    "pacman": {
      "Package": "pacman",
      "Version": "0.5.1",
      "Source": "CRAN",
      "Hash": "f9b66dca08058ca058ed2161ab856d90"
    },
    "parsedate": {
      "Package": "parsedate",
      "Version": "1.2.0",
      "Source": "CRAN",
      "Hash": "3a6c443fe170f89a8fe05055e71300a7"
    },
    "pillar": {
      "Package": "pillar",
      "Version": "1.4.2",
      "Source": "CRAN",
      "Hash": "57645ff795277554eee14df5bcee8025"
    },
    "pingr": {
      "Package": "pingr",
      "Version": "1.1.2",
      "Source": "CRAN",
      "Hash": "eaa550507cb76493987fc447771abe4e"
    },
    "pkgconfig": {
      "Package": "pkgconfig",
      "Version": "2.0.2",
      "Source": "CRAN",
      "Hash": "2dd2d8867e4f0173ea2ce029d630a086"
    },
    "plogr": {
      "Package": "plogr",
      "Version": "0.2.0",
      "Source": "CRAN",
      "Hash": "1a8304cc1382ef64e3b710ba589d7bc0"
    },
    "png": {
      "Package": "png",
      "Version": "0.1-7",
      "Source": "CRAN",
      "Hash": "2facb7d8929420c91d1ddc8d4636f787"
    },
    "praise": {
      "Package": "praise",
      "Version": "1.0.0",
      "Source": "CRAN",
      "Hash": "3940f2f321d5fa9fb72b8887b0454660"
    },
    "processx": {
      "Package": "processx",
      "Version": "3.4.1",
      "Source": "CRAN",
      "Hash": "fec9b1a798e49d0609702929706a1dfc"
    },
    "promises": {
      "Package": "promises",
      "Version": "1.0.1",
      "Source": "CRAN",
      "Hash": "f80d162b7cef7e36a0134d1f1084e36d"
    },
    "ps": {
      "Package": "ps",
      "Version": "1.3.0",
      "Source": "CRAN",
      "Hash": "a38f3fd447d1595a3da538910054b911"
    },
    "purrr": {
      "Package": "purrr",
      "Version": "0.3.2",
      "Source": "CRAN",
      "Hash": "c360ab7eabd6e38a83f2475eb97c6344"
    },
    "R6": {
      "Package": "R6",
      "Version": "2.4.0",
      "Source": "CRAN",
      "Hash": "92b50d943a7c76c67918c1e1beb68627"
    },
    "Rcpp": {
      "Package": "Rcpp",
      "Version": "1.0.2",
      "Source": "CRAN",
      "Hash": "c25fa7d5684fa7001ddfea3755243975"
    },
    "rematch": {
      "Package": "rematch",
      "Version": "1.0.1",
      "Source": "CRAN",
      "Hash": "d3d55a556f7f2e74f449d6a53b8abf8e"
    },
    "rematch2": {
      "Package": "rematch2",
      "Version": "2.1.0",
      "Source": "CRAN",
      "Hash": "0f9d491406a99401fdbfd8e8234cf1aa"
    },
    "remotes": {
      "Package": "remotes",
      "Version": "2.1.0",
      "Source": "CRAN",
      "Hash": "830aa73278dce9beba583bfe57a5c015"
    },
    "rlang": {
      "Package": "rlang",
      "Version": "0.4.0",
      "Source": "CRAN",
      "Hash": "8f1bf3a54c8844dc254baabba61cb6a9"
    },
    "rsconnect": {
      "Package": "rsconnect",
      "Version": "0.8.15",
      "Source": "CRAN",
      "Hash": "649b33e97eb02dc7f8533a50d888ae29"
    },
    "rstudioapi": {
      "Package": "rstudioapi",
      "Version": "0.10",
      "Source": "CRAN",
      "Hash": "04552808fd065fdf0fec7bad340eb83c"
    },
    "shiny": {
      "Package": "shiny",
      "Version": "1.3.2",
      "Source": "CRAN",
      "Hash": "3f96ad878877e005bcf6093c5c7efd9e"
    },
    "shinytest": {
      "Package": "shinytest",
      "Version": "1.3.1",
      "Source": "CRAN",
      "Hash": "ebd412ad606ce30d71a03284ffe367dc"
    },
    "showimage": {
      "Package": "showimage",
      "Version": "1.0.0",
      "Source": "CRAN",
      "Hash": "fbdfdd736724e4ce1039b9d4549a177a"
    },
    "sourcetools": {
      "Package": "sourcetools",
      "Version": "0.1.7",
      "Source": "CRAN",
      "Hash": "fc68fa34b8576eaa5a845a46ad75e214"
    },
    "stringi": {
      "Package": "stringi",
      "Version": "1.4.3",
      "Source": "CRAN",
      "Hash": "113506f116db9dd5bd1caf46884e0647"
    },
    "stringr": {
      "Package": "stringr",
      "Version": "1.4.0",
      "Source": "CRAN",
      "Hash": "41d6310ad18bd019a203d7adc496a28b"
    },
    "sys": {
      "Package": "sys",
      "Version": "3.2",
      "Source": "CRAN",
      "Hash": "272daf1b3ba287a42d02e33c89870eae"
    },
    "testthat": {
      "Package": "testthat",
      "Version": "2.2.1",
      "Source": "CRAN",
      "Hash": "3e86adb988cb96c5b30b01ec56719ac4"
    },
    "tibble": {
      "Package": "tibble",
      "Version": "2.1.3",
      "Source": "CRAN",
      "Hash": "a8d41bd284e21ab7e776d228dc5bac91"
    },
    "tidyselect": {
      "Package": "tidyselect",
      "Version": "0.2.5",
      "Source": "CRAN",
      "Hash": "dc3fcbc21f04b293e0794e24982cf357"
    },
    "tippy": {
      "Package": "tippy",
      "Version": "0.0.1",
      "Source": "CRAN",
      "Hash": "f7ca953a77c8a6481107096853635d45"
    },
    "utf8": {
      "Package": "utf8",
      "Version": "1.1.4",
      "Source": "CRAN",
      "Hash": "3f1a5a5b184f63379f8e6c08d5036c53"
    },
    "vctrs": {
      "Package": "vctrs",
      "Version": "0.2.0",
      "Source": "CRAN",
      "Hash": "4bdc6a6c4c5a434d880b73817d4ea641"
    },
    "webdriver": {
      "Package": "webdriver",
      "Version": "1.0.5",
      "Source": "CRAN",
      "Hash": "1d8b2f8865153f3b04a8d2f5beadaf1d"
    },
    "withr": {
      "Package": "withr",
      "Version": "2.1.2",
      "Source": "CRAN",
      "Hash": "7c9aef08038f47e6c1532ed574a0e087"
    },
    "xfun": {
      "Package": "xfun",
      "Version": "0.8",
      "Source": "CRAN",
      "Hash": "56f4a24b253e08ec48a45ec0eb60653d"
    },
    "xtable": {
      "Package": "xtable",
      "Version": "1.8-4",
      "Source": "CRAN",
      "Hash": "48f60fcc0974ce72870076d48038df2d"
    },
    "yaml": {
      "Package": "yaml",
      "Version": "2.2.0",
      "Source": "CRAN",
      "Hash": "3a313c96061c4ac790de611dc57ebd1f"
    },
    "zeallot": {
      "Package": "zeallot",
      "Version": "0.1.0",
      "Source": "CRAN",
      "Hash": "45d65588b02d47970fc84adecb2ee664"
    }
  }
}
